// !$*UTF8*$!
{
	archiveVersion = 1;
	classes = {
	};
	objectVersion = 50;
	objects = {

/* Begin PBXBuildFile section */
		672C85DC226646C8004AC968 /* RRInactiveWarView.swift in Sources */ = {isa = PBXBuildFile; fileRef = 672C85DB226646C8004AC968 /* RRInactiveWarView.swift */; };
		672C85DE226658CC004AC968 /* RRLabelLine.swift in Sources */ = {isa = PBXBuildFile; fileRef = 672C85DD226658CC004AC968 /* RRLabelLine.swift */; };
		672C85E022666C16004AC968 /* RRRefreshView.swift in Sources */ = {isa = PBXBuildFile; fileRef = 672C85DF22666C16004AC968 /* RRRefreshView.swift */; };
		67374C27228C84490058082F /* RRChangeClanView.swift in Sources */ = {isa = PBXBuildFile; fileRef = 67374C26228C84490058082F /* RRChangeClanView.swift */; };
		67374C29229495A50058082F /* SettingsViewController.swift in Sources */ = {isa = PBXBuildFile; fileRef = 67374C28229495A50058082F /* SettingsViewController.swift */; };
		67649EA1224ECFBB00C93A1D /* InitialClanViewViewController.swift in Sources */ = {isa = PBXBuildFile; fileRef = 67649EA0224ECFBB00C93A1D /* InitialClanViewViewController.swift */; };
		67649EA3224ED6A300C93A1D /* TabViewController.swift in Sources */ = {isa = PBXBuildFile; fileRef = 67649EA2224ED6A300C93A1D /* TabViewController.swift */; };
		67649EA8224EF46000C93A1D /* InitialClanTagTextField.swift in Sources */ = {isa = PBXBuildFile; fileRef = 67649EA7224EF46000C93A1D /* InitialClanTagTextField.swift */; };
		67649EAB224EF7C300C93A1D /* TutorialForClanTagView.swift in Sources */ = {isa = PBXBuildFile; fileRef = 67649EAA224EF7C300C93A1D /* TutorialForClanTagView.swift */; };
		67649EAD224EF8D900C93A1D /* ColorsAndFonts.swift in Sources */ = {isa = PBXBuildFile; fileRef = 67649EAC224EF8D900C93A1D /* ColorsAndFonts.swift */; };
		67649EAF224EF94A00C93A1D /* SaveClanButton.swift in Sources */ = {isa = PBXBuildFile; fileRef = 67649EAE224EF94A00C93A1D /* SaveClanButton.swift */; };
		67649EB1224FDEE000C93A1D /* ClanViewController.swift in Sources */ = {isa = PBXBuildFile; fileRef = 67649EB0224FDEE000C93A1D /* ClanViewController.swift */; };
		67649EB4224FE19B00C93A1D /* MembersViewController.swift in Sources */ = {isa = PBXBuildFile; fileRef = 67649EB3224FE19B00C93A1D /* MembersViewController.swift */; };
		67649EB6224FE65300C93A1D /* ManageViewController.swift in Sources */ = {isa = PBXBuildFile; fileRef = 67649EB5224FE65300C93A1D /* ManageViewController.swift */; };
		67649EB8224FF27900C93A1D /* InitialViewTitleLabel.swift in Sources */ = {isa = PBXBuildFile; fileRef = 67649EB7224FF27900C93A1D /* InitialViewTitleLabel.swift */; };
		67649EBA224FF6C400C93A1D /* GlobalVariables.swift in Sources */ = {isa = PBXBuildFile; fileRef = 67649EB9224FF6C400C93A1D /* GlobalVariables.swift */; };
		67649EBD224FFFE900C93A1D /* DescriptiveLables.swift in Sources */ = {isa = PBXBuildFile; fileRef = 67649EBC224FFFE900C93A1D /* DescriptiveLables.swift */; };
		67649EBF2250019F00C93A1D /* ClanStatsView.swift in Sources */ = {isa = PBXBuildFile; fileRef = 67649EBE2250019F00C93A1D /* ClanStatsView.swift */; };
		67649EC2225035CA00C93A1D /* memberCell.swift in Sources */ = {isa = PBXBuildFile; fileRef = 67649EC1225035CA00C93A1D /* memberCell.swift */; };
		67649EC4225035FD00C93A1D /* memberCellLabel.swift in Sources */ = {isa = PBXBuildFile; fileRef = 67649EC3225035FD00C93A1D /* memberCellLabel.swift */; };
		67649EC622503F9000C93A1D /* DropDownButton.swift in Sources */ = {isa = PBXBuildFile; fileRef = 67649EC522503F9000C93A1D /* DropDownButton.swift */; };
		67649EC82250414500C93A1D /* dropDownView.swift in Sources */ = {isa = PBXBuildFile; fileRef = 67649EC72250414500C93A1D /* dropDownView.swift */; };
		67649ECA2251454300C93A1D /* memberTableHeaderView.swift in Sources */ = {isa = PBXBuildFile; fileRef = 67649EC92251454300C93A1D /* memberTableHeaderView.swift */; };
		67649ECC22514E7A00C93A1D /* memberCellView.swift in Sources */ = {isa = PBXBuildFile; fileRef = 67649ECB22514E7A00C93A1D /* memberCellView.swift */; };
		67649ECE2252BD8400C93A1D /* Protocols.swift in Sources */ = {isa = PBXBuildFile; fileRef = 67649ECD2252BD8400C93A1D /* Protocols.swift */; };
		67649ED02253DCAA00C93A1D /* addingNewClanFuncs.swift in Sources */ = {isa = PBXBuildFile; fileRef = 67649ECF2253DCAA00C93A1D /* addingNewClanFuncs.swift */; };
		67649ED32253FF7A00C93A1D /* rexTitleLabel.swift in Sources */ = {isa = PBXBuildFile; fileRef = 67649ED22253FF7A00C93A1D /* rexTitleLabel.swift */; };
		67649ED52253FF9500C93A1D /* manageView.swift in Sources */ = {isa = PBXBuildFile; fileRef = 67649ED42253FF9500C93A1D /* manageView.swift */; };
		67649ED72254066900C93A1D /* manageLabel.swift in Sources */ = {isa = PBXBuildFile; fileRef = 67649ED62254066900C93A1D /* manageLabel.swift */; };
		67649ED92254144900C93A1D /* topMemberView.swift in Sources */ = {isa = PBXBuildFile; fileRef = 67649ED82254144900C93A1D /* topMemberView.swift */; };
		67649EDB225656D100C93A1D /* APILoadActivityIndicator.swift in Sources */ = {isa = PBXBuildFile; fileRef = 67649EDA225656D100C93A1D /* APILoadActivityIndicator.swift */; };
		67649EDD22565B5B00C93A1D /* clanTitleLabel.swift in Sources */ = {isa = PBXBuildFile; fileRef = 67649EDC22565B5B00C93A1D /* clanTitleLabel.swift */; };
		67649EDF22566E9300C93A1D /* clanListView.swift in Sources */ = {isa = PBXBuildFile; fileRef = 67649EDE22566E9200C93A1D /* clanListView.swift */; };
		67649EE122569C5E00C93A1D /* Constants.swift in Sources */ = {isa = PBXBuildFile; fileRef = 67649EE022569C5E00C93A1D /* Constants.swift */; };
		6768D3FA21F7AAB100651B45 /* playerWarlog.swift in Sources */ = {isa = PBXBuildFile; fileRef = 6768D3F921F7AAB100651B45 /* playerWarlog.swift */; };
		6768D3FC21F7D93100651B45 /* TheClan.swift in Sources */ = {isa = PBXBuildFile; fileRef = 6768D3FB21F7D93100651B45 /* TheClan.swift */; };
		6768D426220EE58F00651B45 /* jsonReader.swift in Sources */ = {isa = PBXBuildFile; fileRef = 6768D425220EE58F00651B45 /* jsonReader.swift */; };
		6768D429221246ED00651B45 /* APIGrab.swift in Sources */ = {isa = PBXBuildFile; fileRef = 6768D428221246ED00651B45 /* APIGrab.swift */; };
		6768D42B2213646600651B45 /* myClanViewController.swift in Sources */ = {isa = PBXBuildFile; fileRef = 6768D42A2213646600651B45 /* myClanViewController.swift */; };
		6797D6A221F1228300C6B9D4 /* AppDelegate.swift in Sources */ = {isa = PBXBuildFile; fileRef = 6797D6A121F1228300C6B9D4 /* AppDelegate.swift */; };
		6797D6A421F1228300C6B9D4 /* ViewController.swift in Sources */ = {isa = PBXBuildFile; fileRef = 6797D6A321F1228300C6B9D4 /* ViewController.swift */; };
		6797D6A721F1228300C6B9D4 /* Main.storyboard in Resources */ = {isa = PBXBuildFile; fileRef = 6797D6A521F1228300C6B9D4 /* Main.storyboard */; };
		6797D6AA21F1228300C6B9D4 /* Manager_Royale.xcdatamodeld in Sources */ = {isa = PBXBuildFile; fileRef = 6797D6A821F1228300C6B9D4 /* Manager_Royale.xcdatamodeld */; };
		6797D6AC21F1228400C6B9D4 /* Assets.xcassets in Resources */ = {isa = PBXBuildFile; fileRef = 6797D6AB21F1228400C6B9D4 /* Assets.xcassets */; };
		6797D6AF21F1228400C6B9D4 /* LaunchScreen.storyboard in Resources */ = {isa = PBXBuildFile; fileRef = 6797D6AD21F1228400C6B9D4 /* LaunchScreen.storyboard */; };
		6797D6BA21F1228400C6B9D4 /* Manager_RoyaleTests.swift in Sources */ = {isa = PBXBuildFile; fileRef = 6797D6B921F1228400C6B9D4 /* Manager_RoyaleTests.swift */; };
		6797D6C521F1228400C6B9D4 /* Manager_RoyaleUITests.swift in Sources */ = {isa = PBXBuildFile; fileRef = 6797D6C421F1228400C6B9D4 /* Manager_RoyaleUITests.swift */; };
		6797D6D321F1242C00C6B9D4 /* Weather.swift in Sources */ = {isa = PBXBuildFile; fileRef = 6797D6D221F1242C00C6B9D4 /* Weather.swift */; };
		6797D6D521F275A000C6B9D4 /* playerInfo.swift in Sources */ = {isa = PBXBuildFile; fileRef = 6797D6D421F275A000C6B9D4 /* playerInfo.swift */; };
		67B37FCD222DCC2C006290B1 /* mostViewController.swift in Sources */ = {isa = PBXBuildFile; fileRef = 67B37FCC222DCC2C006290B1 /* mostViewController.swift */; };
		67C285302256B30800F02C5E /* titleView.swift in Sources */ = {isa = PBXBuildFile; fileRef = 67C2852F2256B30800F02C5E /* titleView.swift */; };
		67C7775F22651F4300684CE5 /* RRHurtingWarView.swift in Sources */ = {isa = PBXBuildFile; fileRef = 67C7775E22651F4300684CE5 /* RRHurtingWarView.swift */; };
		67C7776122653B1700684CE5 /* RRWarView.swift in Sources */ = {isa = PBXBuildFile; fileRef = 67C7776022653B1700684CE5 /* RRWarView.swift */; };
		67F04F61221B4DBA00CD9463 /* calculateStats.swift in Sources */ = {isa = PBXBuildFile; fileRef = 67F04F60221B4DBA00CD9463 /* calculateStats.swift */; };
		67FFB594225828680036CC2B /* RRInfoLabel.swift in Sources */ = {isa = PBXBuildFile; fileRef = 67FFB593225828680036CC2B /* RRInfoLabel.swift */; };
		67FFB59622593F910036CC2B /* memberInfoController.swift in Sources */ = {isa = PBXBuildFile; fileRef = 67FFB59522593F910036CC2B /* memberInfoController.swift */; };
		67FFB59A225F99950036CC2B /* RRCellLabel.swift in Sources */ = {isa = PBXBuildFile; fileRef = 67FFB599225F99950036CC2B /* RRCellLabel.swift */; };
		67FFB59C22614AC30036CC2B /* RRImage.swift in Sources */ = {isa = PBXBuildFile; fileRef = 67FFB59B22614AC30036CC2B /* RRImage.swift */; };
		67FFB59E226300270036CC2B /* RRInactiveView.swift in Sources */ = {isa = PBXBuildFile; fileRef = 67FFB59D226300270036CC2B /* RRInactiveView.swift */; };
/* End PBXBuildFile section */

/* Begin PBXContainerItemProxy section */
		6797D6B621F1228400C6B9D4 /* PBXContainerItemProxy */ = {
			isa = PBXContainerItemProxy;
			containerPortal = 6797D69621F1228300C6B9D4 /* Project object */;
			proxyType = 1;
			remoteGlobalIDString = 6797D69D21F1228300C6B9D4;
			remoteInfo = "Manager Royale";
		};
		6797D6C121F1228400C6B9D4 /* PBXContainerItemProxy */ = {
			isa = PBXContainerItemProxy;
			containerPortal = 6797D69621F1228300C6B9D4 /* Project object */;
			proxyType = 1;
			remoteGlobalIDString = 6797D69D21F1228300C6B9D4;
			remoteInfo = "Manager Royale";
		};
/* End PBXContainerItemProxy section */

/* Begin PBXFileReference section */
		672C85DB226646C8004AC968 /* RRInactiveWarView.swift */ = {isa = PBXFileReference; lastKnownFileType = sourcecode.swift; path = RRInactiveWarView.swift; sourceTree = "<group>"; };
		672C85DD226658CC004AC968 /* RRLabelLine.swift */ = {isa = PBXFileReference; lastKnownFileType = sourcecode.swift; path = RRLabelLine.swift; sourceTree = "<group>"; };
		672C85DF22666C16004AC968 /* RRRefreshView.swift */ = {isa = PBXFileReference; lastKnownFileType = sourcecode.swift; path = RRRefreshView.swift; sourceTree = "<group>"; };
		67374C26228C84490058082F /* RRChangeClanView.swift */ = {isa = PBXFileReference; lastKnownFileType = sourcecode.swift; path = RRChangeClanView.swift; sourceTree = "<group>"; };
		67374C28229495A50058082F /* SettingsViewController.swift */ = {isa = PBXFileReference; lastKnownFileType = sourcecode.swift; path = SettingsViewController.swift; sourceTree = "<group>"; };
		67649EA0224ECFBB00C93A1D /* InitialClanViewViewController.swift */ = {isa = PBXFileReference; lastKnownFileType = sourcecode.swift; path = InitialClanViewViewController.swift; sourceTree = "<group>"; };
		67649EA2224ED6A300C93A1D /* TabViewController.swift */ = {isa = PBXFileReference; lastKnownFileType = sourcecode.swift; path = TabViewController.swift; sourceTree = "<group>"; };
		67649EA7224EF46000C93A1D /* InitialClanTagTextField.swift */ = {isa = PBXFileReference; lastKnownFileType = sourcecode.swift; path = InitialClanTagTextField.swift; sourceTree = "<group>"; };
		67649EAA224EF7C300C93A1D /* TutorialForClanTagView.swift */ = {isa = PBXFileReference; lastKnownFileType = sourcecode.swift; path = TutorialForClanTagView.swift; sourceTree = "<group>"; };
		67649EAC224EF8D900C93A1D /* ColorsAndFonts.swift */ = {isa = PBXFileReference; lastKnownFileType = sourcecode.swift; path = ColorsAndFonts.swift; sourceTree = "<group>"; };
		67649EAE224EF94A00C93A1D /* SaveClanButton.swift */ = {isa = PBXFileReference; lastKnownFileType = sourcecode.swift; path = SaveClanButton.swift; sourceTree = "<group>"; };
		67649EB0224FDEE000C93A1D /* ClanViewController.swift */ = {isa = PBXFileReference; lastKnownFileType = sourcecode.swift; path = ClanViewController.swift; sourceTree = "<group>"; };
		67649EB3224FE19B00C93A1D /* MembersViewController.swift */ = {isa = PBXFileReference; lastKnownFileType = sourcecode.swift; path = MembersViewController.swift; sourceTree = "<group>"; };
		67649EB5224FE65300C93A1D /* ManageViewController.swift */ = {isa = PBXFileReference; lastKnownFileType = sourcecode.swift; path = ManageViewController.swift; sourceTree = "<group>"; };
		67649EB7224FF27900C93A1D /* InitialViewTitleLabel.swift */ = {isa = PBXFileReference; lastKnownFileType = sourcecode.swift; path = InitialViewTitleLabel.swift; sourceTree = "<group>"; };
		67649EB9224FF6C400C93A1D /* GlobalVariables.swift */ = {isa = PBXFileReference; lastKnownFileType = sourcecode.swift; path = GlobalVariables.swift; sourceTree = "<group>"; };
		67649EBC224FFFE900C93A1D /* DescriptiveLables.swift */ = {isa = PBXFileReference; lastKnownFileType = sourcecode.swift; path = DescriptiveLables.swift; sourceTree = "<group>"; };
		67649EBE2250019F00C93A1D /* ClanStatsView.swift */ = {isa = PBXFileReference; lastKnownFileType = sourcecode.swift; path = ClanStatsView.swift; sourceTree = "<group>"; };
		67649EC1225035CA00C93A1D /* memberCell.swift */ = {isa = PBXFileReference; lastKnownFileType = sourcecode.swift; path = memberCell.swift; sourceTree = "<group>"; };
		67649EC3225035FD00C93A1D /* memberCellLabel.swift */ = {isa = PBXFileReference; lastKnownFileType = sourcecode.swift; path = memberCellLabel.swift; sourceTree = "<group>"; };
		67649EC522503F9000C93A1D /* DropDownButton.swift */ = {isa = PBXFileReference; lastKnownFileType = sourcecode.swift; path = DropDownButton.swift; sourceTree = "<group>"; };
		67649EC72250414500C93A1D /* dropDownView.swift */ = {isa = PBXFileReference; lastKnownFileType = sourcecode.swift; path = dropDownView.swift; sourceTree = "<group>"; };
		67649EC92251454300C93A1D /* memberTableHeaderView.swift */ = {isa = PBXFileReference; lastKnownFileType = sourcecode.swift; path = memberTableHeaderView.swift; sourceTree = "<group>"; };
		67649ECB22514E7A00C93A1D /* memberCellView.swift */ = {isa = PBXFileReference; lastKnownFileType = sourcecode.swift; path = memberCellView.swift; sourceTree = "<group>"; };
		67649ECD2252BD8400C93A1D /* Protocols.swift */ = {isa = PBXFileReference; lastKnownFileType = sourcecode.swift; path = Protocols.swift; sourceTree = "<group>"; };
		67649ECF2253DCAA00C93A1D /* addingNewClanFuncs.swift */ = {isa = PBXFileReference; lastKnownFileType = sourcecode.swift; path = addingNewClanFuncs.swift; sourceTree = "<group>"; };
		67649ED22253FF7A00C93A1D /* rexTitleLabel.swift */ = {isa = PBXFileReference; lastKnownFileType = sourcecode.swift; path = rexTitleLabel.swift; sourceTree = "<group>"; };
		67649ED42253FF9500C93A1D /* manageView.swift */ = {isa = PBXFileReference; lastKnownFileType = sourcecode.swift; path = manageView.swift; sourceTree = "<group>"; };
		67649ED62254066900C93A1D /* manageLabel.swift */ = {isa = PBXFileReference; lastKnownFileType = sourcecode.swift; path = manageLabel.swift; sourceTree = "<group>"; };
		67649ED82254144900C93A1D /* topMemberView.swift */ = {isa = PBXFileReference; lastKnownFileType = sourcecode.swift; path = topMemberView.swift; sourceTree = "<group>"; };
		67649EDA225656D100C93A1D /* APILoadActivityIndicator.swift */ = {isa = PBXFileReference; lastKnownFileType = sourcecode.swift; path = APILoadActivityIndicator.swift; sourceTree = "<group>"; };
		67649EDC22565B5B00C93A1D /* clanTitleLabel.swift */ = {isa = PBXFileReference; lastKnownFileType = sourcecode.swift; path = clanTitleLabel.swift; sourceTree = "<group>"; };
		67649EDE22566E9200C93A1D /* clanListView.swift */ = {isa = PBXFileReference; lastKnownFileType = sourcecode.swift; path = clanListView.swift; sourceTree = "<group>"; };
		67649EE022569C5E00C93A1D /* Constants.swift */ = {isa = PBXFileReference; lastKnownFileType = sourcecode.swift; path = Constants.swift; sourceTree = "<group>"; };
		6768D3F921F7AAB100651B45 /* playerWarlog.swift */ = {isa = PBXFileReference; lastKnownFileType = sourcecode.swift; path = playerWarlog.swift; sourceTree = "<group>"; };
		6768D3FB21F7D93100651B45 /* TheClan.swift */ = {isa = PBXFileReference; lastKnownFileType = sourcecode.swift; path = TheClan.swift; sourceTree = "<group>"; };
		6768D425220EE58F00651B45 /* jsonReader.swift */ = {isa = PBXFileReference; lastKnownFileType = sourcecode.swift; path = jsonReader.swift; sourceTree = "<group>"; };
		6768D428221246ED00651B45 /* APIGrab.swift */ = {isa = PBXFileReference; lastKnownFileType = sourcecode.swift; path = APIGrab.swift; sourceTree = "<group>"; };
		6768D42A2213646600651B45 /* myClanViewController.swift */ = {isa = PBXFileReference; lastKnownFileType = sourcecode.swift; path = myClanViewController.swift; sourceTree = "<group>"; };
		6797D69E21F1228300C6B9D4 /* Manager Royale.app */ = {isa = PBXFileReference; explicitFileType = wrapper.application; includeInIndex = 0; path = "Manager Royale.app"; sourceTree = BUILT_PRODUCTS_DIR; };
		6797D6A121F1228300C6B9D4 /* AppDelegate.swift */ = {isa = PBXFileReference; lastKnownFileType = sourcecode.swift; path = AppDelegate.swift; sourceTree = "<group>"; };
		6797D6A321F1228300C6B9D4 /* ViewController.swift */ = {isa = PBXFileReference; lastKnownFileType = sourcecode.swift; path = ViewController.swift; sourceTree = "<group>"; };
		6797D6A621F1228300C6B9D4 /* Base */ = {isa = PBXFileReference; lastKnownFileType = file.storyboard; name = Base; path = Base.lproj/Main.storyboard; sourceTree = "<group>"; };
		6797D6A921F1228300C6B9D4 /* Manager_Royale.xcdatamodel */ = {isa = PBXFileReference; lastKnownFileType = wrapper.xcdatamodel; path = Manager_Royale.xcdatamodel; sourceTree = "<group>"; };
		6797D6AB21F1228400C6B9D4 /* Assets.xcassets */ = {isa = PBXFileReference; lastKnownFileType = folder.assetcatalog; path = Assets.xcassets; sourceTree = "<group>"; };
		6797D6AE21F1228400C6B9D4 /* Base */ = {isa = PBXFileReference; lastKnownFileType = file.storyboard; name = Base; path = Base.lproj/LaunchScreen.storyboard; sourceTree = "<group>"; };
		6797D6B021F1228400C6B9D4 /* Info.plist */ = {isa = PBXFileReference; lastKnownFileType = text.plist.xml; path = Info.plist; sourceTree = "<group>"; };
		6797D6B521F1228400C6B9D4 /* Manager RoyaleTests.xctest */ = {isa = PBXFileReference; explicitFileType = wrapper.cfbundle; includeInIndex = 0; path = "Manager RoyaleTests.xctest"; sourceTree = BUILT_PRODUCTS_DIR; };
		6797D6B921F1228400C6B9D4 /* Manager_RoyaleTests.swift */ = {isa = PBXFileReference; lastKnownFileType = sourcecode.swift; path = Manager_RoyaleTests.swift; sourceTree = "<group>"; };
		6797D6BB21F1228400C6B9D4 /* Info.plist */ = {isa = PBXFileReference; lastKnownFileType = text.plist.xml; path = Info.plist; sourceTree = "<group>"; };
		6797D6C021F1228400C6B9D4 /* Manager RoyaleUITests.xctest */ = {isa = PBXFileReference; explicitFileType = wrapper.cfbundle; includeInIndex = 0; path = "Manager RoyaleUITests.xctest"; sourceTree = BUILT_PRODUCTS_DIR; };
		6797D6C421F1228400C6B9D4 /* Manager_RoyaleUITests.swift */ = {isa = PBXFileReference; lastKnownFileType = sourcecode.swift; path = Manager_RoyaleUITests.swift; sourceTree = "<group>"; };
		6797D6C621F1228400C6B9D4 /* Info.plist */ = {isa = PBXFileReference; lastKnownFileType = text.plist.xml; path = Info.plist; sourceTree = "<group>"; };
		6797D6D221F1242C00C6B9D4 /* Weather.swift */ = {isa = PBXFileReference; lastKnownFileType = sourcecode.swift; path = Weather.swift; sourceTree = "<group>"; };
		6797D6D421F275A000C6B9D4 /* playerInfo.swift */ = {isa = PBXFileReference; lastKnownFileType = sourcecode.swift; path = playerInfo.swift; sourceTree = "<group>"; };
		67B37FCC222DCC2C006290B1 /* mostViewController.swift */ = {isa = PBXFileReference; lastKnownFileType = sourcecode.swift; path = mostViewController.swift; sourceTree = "<group>"; };
		67C2852F2256B30800F02C5E /* titleView.swift */ = {isa = PBXFileReference; lastKnownFileType = sourcecode.swift; path = titleView.swift; sourceTree = "<group>"; };
		67C7775E22651F4300684CE5 /* RRHurtingWarView.swift */ = {isa = PBXFileReference; lastKnownFileType = sourcecode.swift; path = RRHurtingWarView.swift; sourceTree = "<group>"; };
		67C7776022653B1700684CE5 /* RRWarView.swift */ = {isa = PBXFileReference; lastKnownFileType = sourcecode.swift; path = RRWarView.swift; sourceTree = "<group>"; };
		67F04F60221B4DBA00CD9463 /* calculateStats.swift */ = {isa = PBXFileReference; lastKnownFileType = sourcecode.swift; path = calculateStats.swift; sourceTree = "<group>"; };
		67FFB593225828680036CC2B /* RRInfoLabel.swift */ = {isa = PBXFileReference; lastKnownFileType = sourcecode.swift; path = RRInfoLabel.swift; sourceTree = "<group>"; };
		67FFB59522593F910036CC2B /* memberInfoController.swift */ = {isa = PBXFileReference; lastKnownFileType = sourcecode.swift; path = memberInfoController.swift; sourceTree = "<group>"; };
		67FFB599225F99950036CC2B /* RRCellLabel.swift */ = {isa = PBXFileReference; lastKnownFileType = sourcecode.swift; path = RRCellLabel.swift; sourceTree = "<group>"; };
		67FFB59B22614AC30036CC2B /* RRImage.swift */ = {isa = PBXFileReference; lastKnownFileType = sourcecode.swift; path = RRImage.swift; sourceTree = "<group>"; };
		67FFB59D226300270036CC2B /* RRInactiveView.swift */ = {isa = PBXFileReference; lastKnownFileType = sourcecode.swift; path = RRInactiveView.swift; sourceTree = "<group>"; };
/* End PBXFileReference section */

/* Begin PBXFrameworksBuildPhase section */
		6797D69B21F1228300C6B9D4 /* Frameworks */ = {
			isa = PBXFrameworksBuildPhase;
			buildActionMask = 2147483647;
			files = (
			);
			runOnlyForDeploymentPostprocessing = 0;
		};
		6797D6B221F1228400C6B9D4 /* Frameworks */ = {
			isa = PBXFrameworksBuildPhase;
			buildActionMask = 2147483647;
			files = (
			);
			runOnlyForDeploymentPostprocessing = 0;
		};
		6797D6BD21F1228400C6B9D4 /* Frameworks */ = {
			isa = PBXFrameworksBuildPhase;
			buildActionMask = 2147483647;
			files = (
			);
			runOnlyForDeploymentPostprocessing = 0;
		};
/* End PBXFrameworksBuildPhase section */

/* Begin PBXGroup section */
		67649EA4224EF31E00C93A1D /* Controllers */ = {
			isa = PBXGroup;
			children = (
				67649EA0224ECFBB00C93A1D /* InitialClanViewViewController.swift */,
				67649EB0224FDEE000C93A1D /* ClanViewController.swift */,
				67649EB3224FE19B00C93A1D /* MembersViewController.swift */,
				67649EB5224FE65300C93A1D /* ManageViewController.swift */,
				67649EA2224ED6A300C93A1D /* TabViewController.swift */,
				67FFB59522593F910036CC2B /* memberInfoController.swift */,
				67374C28229495A50058082F /* SettingsViewController.swift */,
			);
			path = Controllers;
			sourceTree = "<group>";
		};
		67649EA5224EF3B300C93A1D /* Models */ = {
			isa = PBXGroup;
			children = (
				6768D3FB21F7D93100651B45 /* TheClan.swift */,
				6768D425220EE58F00651B45 /* jsonReader.swift */,
				6797D6D421F275A000C6B9D4 /* playerInfo.swift */,
				6768D3F921F7AAB100651B45 /* playerWarlog.swift */,
				6768D428221246ED00651B45 /* APIGrab.swift */,
				67F04F60221B4DBA00CD9463 /* calculateStats.swift */,
				67649ECF2253DCAA00C93A1D /* addingNewClanFuncs.swift */,
			);
			path = Models;
			sourceTree = "<group>";
		};
		67649EA6224EF42000C93A1D /* Views */ = {
			isa = PBXGroup;
			children = (
				67649ED12253FE9E00C93A1D /* ManageControllerViews */,
				67649EC02250359A00C93A1D /* MemberControllerViews */,
				67649EBB224FFFB300C93A1D /* ClanControllerViews */,
				67649EB2224FE10700C93A1D /* InitialControllerViews */,
				67C2852F2256B30800F02C5E /* titleView.swift */,
				67FFB59B22614AC30036CC2B /* RRImage.swift */,
				67C7776022653B1700684CE5 /* RRWarView.swift */,
				672C85DD226658CC004AC968 /* RRLabelLine.swift */,
				672C85DF22666C16004AC968 /* RRRefreshView.swift */,
			);
			path = Views;
			sourceTree = "<group>";
		};
		67649EA9224EF4B500C93A1D /* Utilities */ = {
			isa = PBXGroup;
			children = (
				67649EAC224EF8D900C93A1D /* ColorsAndFonts.swift */,
				67649EB9224FF6C400C93A1D /* GlobalVariables.swift */,
				67649ECD2252BD8400C93A1D /* Protocols.swift */,
				67649EDA225656D100C93A1D /* APILoadActivityIndicator.swift */,
				67649EE022569C5E00C93A1D /* Constants.swift */,
			);
			path = Utilities;
			sourceTree = "<group>";
		};
		67649EB2224FE10700C93A1D /* InitialControllerViews */ = {
			isa = PBXGroup;
			children = (
				67649EB7224FF27900C93A1D /* InitialViewTitleLabel.swift */,
				67649EA7224EF46000C93A1D /* InitialClanTagTextField.swift */,
				67649EAE224EF94A00C93A1D /* SaveClanButton.swift */,
				67649EAA224EF7C300C93A1D /* TutorialForClanTagView.swift */,
			);
			path = InitialControllerViews;
			sourceTree = "<group>";
		};
		67649EBB224FFFB300C93A1D /* ClanControllerViews */ = {
			isa = PBXGroup;
			children = (
				67649EBC224FFFE900C93A1D /* DescriptiveLables.swift */,
				67649EBE2250019F00C93A1D /* ClanStatsView.swift */,
				67649EDC22565B5B00C93A1D /* clanTitleLabel.swift */,
				67649EDE22566E9200C93A1D /* clanListView.swift */,
				67FFB593225828680036CC2B /* RRInfoLabel.swift */,
				67374C26228C84490058082F /* RRChangeClanView.swift */,
			);
			path = ClanControllerViews;
			sourceTree = "<group>";
		};
		67649EC02250359A00C93A1D /* MemberControllerViews */ = {
			isa = PBXGroup;
			children = (
				67649EC522503F9000C93A1D /* DropDownButton.swift */,
				67649EC72250414500C93A1D /* dropDownView.swift */,
				67649EC92251454300C93A1D /* memberTableHeaderView.swift */,
				67649EC1225035CA00C93A1D /* memberCell.swift */,
				67649ECB22514E7A00C93A1D /* memberCellView.swift */,
				67649EC3225035FD00C93A1D /* memberCellLabel.swift */,
				67FFB599225F99950036CC2B /* RRCellLabel.swift */,
			);
			path = MemberControllerViews;
			sourceTree = "<group>";
		};
		67649ED12253FE9E00C93A1D /* ManageControllerViews */ = {
			isa = PBXGroup;
			children = (
				67649ED22253FF7A00C93A1D /* rexTitleLabel.swift */,
				67649ED42253FF9500C93A1D /* manageView.swift */,
				67649ED62254066900C93A1D /* manageLabel.swift */,
				67649ED82254144900C93A1D /* topMemberView.swift */,
				67FFB59D226300270036CC2B /* RRInactiveView.swift */,
				67C7775E22651F4300684CE5 /* RRHurtingWarView.swift */,
				672C85DB226646C8004AC968 /* RRInactiveWarView.swift */,
			);
			path = ManageControllerViews;
			sourceTree = "<group>";
		};
		6797D69521F1228300C6B9D4 = {
			isa = PBXGroup;
			children = (
				6797D6A021F1228300C6B9D4 /* Manager Royale */,
				6797D6B821F1228400C6B9D4 /* Manager RoyaleTests */,
				6797D6C321F1228400C6B9D4 /* Manager RoyaleUITests */,
				6797D69F21F1228300C6B9D4 /* Products */,
			);
			sourceTree = "<group>";
		};
		6797D69F21F1228300C6B9D4 /* Products */ = {
			isa = PBXGroup;
			children = (
				6797D69E21F1228300C6B9D4 /* Manager Royale.app */,
				6797D6B521F1228400C6B9D4 /* Manager RoyaleTests.xctest */,
				6797D6C021F1228400C6B9D4 /* Manager RoyaleUITests.xctest */,
			);
			name = Products;
			sourceTree = "<group>";
		};
		6797D6A021F1228300C6B9D4 /* Manager Royale */ = {
			isa = PBXGroup;
			children = (
				67649EA6224EF42000C93A1D /* Views */,
				67649EA5224EF3B300C93A1D /* Models */,
				67649EA4224EF31E00C93A1D /* Controllers */,
				67649EA9224EF4B500C93A1D /* Utilities */,
				6768D42A2213646600651B45 /* myClanViewController.swift */,
				67B37FCC222DCC2C006290B1 /* mostViewController.swift */,
				6797D6A121F1228300C6B9D4 /* AppDelegate.swift */,
				6797D6A321F1228300C6B9D4 /* ViewController.swift */,
				6797D6AB21F1228400C6B9D4 /* Assets.xcassets */,
				6797D6AD21F1228400C6B9D4 /* LaunchScreen.storyboard */,
				6797D6B021F1228400C6B9D4 /* Info.plist */,
				6797D6A821F1228300C6B9D4 /* Manager_Royale.xcdatamodeld */,
				6797D6D221F1242C00C6B9D4 /* Weather.swift */,
				6797D6A521F1228300C6B9D4 /* Main.storyboard */,
			);
			path = "Manager Royale";
			sourceTree = "<group>";
		};
		6797D6B821F1228400C6B9D4 /* Manager RoyaleTests */ = {
			isa = PBXGroup;
			children = (
				6797D6B921F1228400C6B9D4 /* Manager_RoyaleTests.swift */,
				6797D6BB21F1228400C6B9D4 /* Info.plist */,
			);
			path = "Manager RoyaleTests";
			sourceTree = "<group>";
		};
		6797D6C321F1228400C6B9D4 /* Manager RoyaleUITests */ = {
			isa = PBXGroup;
			children = (
				6797D6C421F1228400C6B9D4 /* Manager_RoyaleUITests.swift */,
				6797D6C621F1228400C6B9D4 /* Info.plist */,
			);
			path = "Manager RoyaleUITests";
			sourceTree = "<group>";
		};
/* End PBXGroup section */

/* Begin PBXNativeTarget section */
		6797D69D21F1228300C6B9D4 /* Manager Royale */ = {
			isa = PBXNativeTarget;
			buildConfigurationList = 6797D6C921F1228400C6B9D4 /* Build configuration list for PBXNativeTarget "Manager Royale" */;
			buildPhases = (
				6797D69A21F1228300C6B9D4 /* Sources */,
				6797D69B21F1228300C6B9D4 /* Frameworks */,
				6797D69C21F1228300C6B9D4 /* Resources */,
			);
			buildRules = (
			);
			dependencies = (
			);
			name = "Manager Royale";
			productName = "Manager Royale";
			productReference = 6797D69E21F1228300C6B9D4 /* Manager Royale.app */;
			productType = "com.apple.product-type.application";
		};
		6797D6B421F1228400C6B9D4 /* Manager RoyaleTests */ = {
			isa = PBXNativeTarget;
			buildConfigurationList = 6797D6CC21F1228400C6B9D4 /* Build configuration list for PBXNativeTarget "Manager RoyaleTests" */;
			buildPhases = (
				6797D6B121F1228400C6B9D4 /* Sources */,
				6797D6B221F1228400C6B9D4 /* Frameworks */,
				6797D6B321F1228400C6B9D4 /* Resources */,
			);
			buildRules = (
			);
			dependencies = (
				6797D6B721F1228400C6B9D4 /* PBXTargetDependency */,
			);
			name = "Manager RoyaleTests";
			productName = "Manager RoyaleTests";
			productReference = 6797D6B521F1228400C6B9D4 /* Manager RoyaleTests.xctest */;
			productType = "com.apple.product-type.bundle.unit-test";
		};
		6797D6BF21F1228400C6B9D4 /* Manager RoyaleUITests */ = {
			isa = PBXNativeTarget;
			buildConfigurationList = 6797D6CF21F1228400C6B9D4 /* Build configuration list for PBXNativeTarget "Manager RoyaleUITests" */;
			buildPhases = (
				6797D6BC21F1228400C6B9D4 /* Sources */,
				6797D6BD21F1228400C6B9D4 /* Frameworks */,
				6797D6BE21F1228400C6B9D4 /* Resources */,
			);
			buildRules = (
			);
			dependencies = (
				6797D6C221F1228400C6B9D4 /* PBXTargetDependency */,
			);
			name = "Manager RoyaleUITests";
			productName = "Manager RoyaleUITests";
			productReference = 6797D6C021F1228400C6B9D4 /* Manager RoyaleUITests.xctest */;
			productType = "com.apple.product-type.bundle.ui-testing";
		};
/* End PBXNativeTarget section */

/* Begin PBXProject section */
		6797D69621F1228300C6B9D4 /* Project object */ = {
			isa = PBXProject;
			attributes = {
				LastSwiftUpdateCheck = 1010;
				LastUpgradeCheck = 1010;
				ORGANIZATIONNAME = "Rex Ruzek";
				TargetAttributes = {
					6797D69D21F1228300C6B9D4 = {
						CreatedOnToolsVersion = 10.1;
					};
					6797D6B421F1228400C6B9D4 = {
						CreatedOnToolsVersion = 10.1;
						TestTargetID = 6797D69D21F1228300C6B9D4;
					};
					6797D6BF21F1228400C6B9D4 = {
						CreatedOnToolsVersion = 10.1;
						TestTargetID = 6797D69D21F1228300C6B9D4;
					};
				};
			};
			buildConfigurationList = 6797D69921F1228300C6B9D4 /* Build configuration list for PBXProject "Manager Royale" */;
			compatibilityVersion = "Xcode 9.3";
			developmentRegion = en;
			hasScannedForEncodings = 0;
			knownRegions = (
				en,
				Base,
			);
			mainGroup = 6797D69521F1228300C6B9D4;
			productRefGroup = 6797D69F21F1228300C6B9D4 /* Products */;
			projectDirPath = "";
			projectRoot = "";
			targets = (
				6797D69D21F1228300C6B9D4 /* Manager Royale */,
				6797D6B421F1228400C6B9D4 /* Manager RoyaleTests */,
				6797D6BF21F1228400C6B9D4 /* Manager RoyaleUITests */,
			);
		};
/* End PBXProject section */

/* Begin PBXResourcesBuildPhase section */
		6797D69C21F1228300C6B9D4 /* Resources */ = {
			isa = PBXResourcesBuildPhase;
			buildActionMask = 2147483647;
			files = (
				6797D6AF21F1228400C6B9D4 /* LaunchScreen.storyboard in Resources */,
				6797D6AC21F1228400C6B9D4 /* Assets.xcassets in Resources */,
				6797D6A721F1228300C6B9D4 /* Main.storyboard in Resources */,
			);
			runOnlyForDeploymentPostprocessing = 0;
		};
		6797D6B321F1228400C6B9D4 /* Resources */ = {
			isa = PBXResourcesBuildPhase;
			buildActionMask = 2147483647;
			files = (
			);
			runOnlyForDeploymentPostprocessing = 0;
		};
		6797D6BE21F1228400C6B9D4 /* Resources */ = {
			isa = PBXResourcesBuildPhase;
			buildActionMask = 2147483647;
			files = (
			);
			runOnlyForDeploymentPostprocessing = 0;
		};
/* End PBXResourcesBuildPhase section */

/* Begin PBXSourcesBuildPhase section */
		6797D69A21F1228300C6B9D4 /* Sources */ = {
			isa = PBXSourcesBuildPhase;
			buildActionMask = 2147483647;
			files = (
				67649EBA224FF6C400C93A1D /* GlobalVariables.swift in Sources */,
				6768D426220EE58F00651B45 /* jsonReader.swift in Sources */,
				67B37FCD222DCC2C006290B1 /* mostViewController.swift in Sources */,
				67649EB1224FDEE000C93A1D /* ClanViewController.swift in Sources */,
				67649ED02253DCAA00C93A1D /* addingNewClanFuncs.swift in Sources */,
				6768D429221246ED00651B45 /* APIGrab.swift in Sources */,
				67649EAD224EF8D900C93A1D /* ColorsAndFonts.swift in Sources */,
				67649EB6224FE65300C93A1D /* ManageViewController.swift in Sources */,
				67649EC2225035CA00C93A1D /* memberCell.swift in Sources */,
				67649EC622503F9000C93A1D /* DropDownButton.swift in Sources */,
				672C85DC226646C8004AC968 /* RRInactiveWarView.swift in Sources */,
				67649EBF2250019F00C93A1D /* ClanStatsView.swift in Sources */,
				67C7775F22651F4300684CE5 /* RRHurtingWarView.swift in Sources */,
				672C85DE226658CC004AC968 /* RRLabelLine.swift in Sources */,
				67649ED32253FF7A00C93A1D /* rexTitleLabel.swift in Sources */,
				67649ECC22514E7A00C93A1D /* memberCellView.swift in Sources */,
				67649EBD224FFFE900C93A1D /* DescriptiveLables.swift in Sources */,
				67649EA3224ED6A300C93A1D /* TabViewController.swift in Sources */,
				6768D3FC21F7D93100651B45 /* TheClan.swift in Sources */,
				67FFB594225828680036CC2B /* RRInfoLabel.swift in Sources */,
				6797D6D321F1242C00C6B9D4 /* Weather.swift in Sources */,
				67649ECE2252BD8400C93A1D /* Protocols.swift in Sources */,
				67649EDF22566E9300C93A1D /* clanListView.swift in Sources */,
				6797D6AA21F1228300C6B9D4 /* Manager_Royale.xcdatamodeld in Sources */,
				67374C27228C84490058082F /* RRChangeClanView.swift in Sources */,
				67649EAB224EF7C300C93A1D /* TutorialForClanTagView.swift in Sources */,
				67649EDD22565B5B00C93A1D /* clanTitleLabel.swift in Sources */,
				67FFB59E226300270036CC2B /* RRInactiveView.swift in Sources */,
				67649ECA2251454300C93A1D /* memberTableHeaderView.swift in Sources */,
				67C285302256B30800F02C5E /* titleView.swift in Sources */,
				67649EA8224EF46000C93A1D /* InitialClanTagTextField.swift in Sources */,
				67649EE122569C5E00C93A1D /* Constants.swift in Sources */,
				6797D6A421F1228300C6B9D4 /* ViewController.swift in Sources */,
				67649EB8224FF27900C93A1D /* InitialViewTitleLabel.swift in Sources */,
				67649EB4224FE19B00C93A1D /* MembersViewController.swift in Sources */,
				6768D42B2213646600651B45 /* myClanViewController.swift in Sources */,
				67C7776122653B1700684CE5 /* RRWarView.swift in Sources */,
				67649EC4225035FD00C93A1D /* memberCellLabel.swift in Sources */,
				67649EDB225656D100C93A1D /* APILoadActivityIndicator.swift in Sources */,
				6768D3FA21F7AAB100651B45 /* playerWarlog.swift in Sources */,
				6797D6D521F275A000C6B9D4 /* playerInfo.swift in Sources */,
				67649ED72254066900C93A1D /* manageLabel.swift in Sources */,
				67FFB59A225F99950036CC2B /* RRCellLabel.swift in Sources */,
				67FFB59C22614AC30036CC2B /* RRImage.swift in Sources */,
				67649EA1224ECFBB00C93A1D /* InitialClanViewViewController.swift in Sources */,
				67FFB59622593F910036CC2B /* memberInfoController.swift in Sources */,
				6797D6A221F1228300C6B9D4 /* AppDelegate.swift in Sources */,
				67649ED92254144900C93A1D /* topMemberView.swift in Sources */,
				67649ED52253FF9500C93A1D /* manageView.swift in Sources */,
				672C85E022666C16004AC968 /* RRRefreshView.swift in Sources */,
				67649EAF224EF94A00C93A1D /* SaveClanButton.swift in Sources */,
				67F04F61221B4DBA00CD9463 /* calculateStats.swift in Sources */,
				67649EC82250414500C93A1D /* dropDownView.swift in Sources */,
				67374C29229495A50058082F /* SettingsViewController.swift in Sources */,
			);
			runOnlyForDeploymentPostprocessing = 0;
		};
		6797D6B121F1228400C6B9D4 /* Sources */ = {
			isa = PBXSourcesBuildPhase;
			buildActionMask = 2147483647;
			files = (
				6797D6BA21F1228400C6B9D4 /* Manager_RoyaleTests.swift in Sources */,
			);
			runOnlyForDeploymentPostprocessing = 0;
		};
		6797D6BC21F1228400C6B9D4 /* Sources */ = {
			isa = PBXSourcesBuildPhase;
			buildActionMask = 2147483647;
			files = (
				6797D6C521F1228400C6B9D4 /* Manager_RoyaleUITests.swift in Sources */,
			);
			runOnlyForDeploymentPostprocessing = 0;
		};
/* End PBXSourcesBuildPhase section */

/* Begin PBXTargetDependency section */
		6797D6B721F1228400C6B9D4 /* PBXTargetDependency */ = {
			isa = PBXTargetDependency;
			target = 6797D69D21F1228300C6B9D4 /* Manager Royale */;
			targetProxy = 6797D6B621F1228400C6B9D4 /* PBXContainerItemProxy */;
		};
		6797D6C221F1228400C6B9D4 /* PBXTargetDependency */ = {
			isa = PBXTargetDependency;
			target = 6797D69D21F1228300C6B9D4 /* Manager Royale */;
			targetProxy = 6797D6C121F1228400C6B9D4 /* PBXContainerItemProxy */;
		};
/* End PBXTargetDependency section */

/* Begin PBXVariantGroup section */
		6797D6A521F1228300C6B9D4 /* Main.storyboard */ = {
			isa = PBXVariantGroup;
			children = (
				6797D6A621F1228300C6B9D4 /* Base */,
			);
			name = Main.storyboard;
			sourceTree = "<group>";
		};
		6797D6AD21F1228400C6B9D4 /* LaunchScreen.storyboard */ = {
			isa = PBXVariantGroup;
			children = (
				6797D6AE21F1228400C6B9D4 /* Base */,
			);
			name = LaunchScreen.storyboard;
			sourceTree = "<group>";
		};
/* End PBXVariantGroup section */

/* Begin XCBuildConfiguration section */
		6797D6C721F1228400C6B9D4 /* Debug */ = {
			isa = XCBuildConfiguration;
			buildSettings = {
				ALWAYS_SEARCH_USER_PATHS = NO;
				CLANG_ANALYZER_NONNULL = YES;
				CLANG_ANALYZER_NUMBER_OBJECT_CONVERSION = YES_AGGRESSIVE;
				CLANG_CXX_LANGUAGE_STANDARD = "gnu++14";
				CLANG_CXX_LIBRARY = "libc++";
				CLANG_ENABLE_MODULES = YES;
				CLANG_ENABLE_OBJC_ARC = YES;
				CLANG_ENABLE_OBJC_WEAK = YES;
				CLANG_WARN_BLOCK_CAPTURE_AUTORELEASING = YES;
				CLANG_WARN_BOOL_CONVERSION = YES;
				CLANG_WARN_COMMA = YES;
				CLANG_WARN_CONSTANT_CONVERSION = YES;
				CLANG_WARN_DEPRECATED_OBJC_IMPLEMENTATIONS = YES;
				CLANG_WARN_DIRECT_OBJC_ISA_USAGE = YES_ERROR;
				CLANG_WARN_DOCUMENTATION_COMMENTS = YES;
				CLANG_WARN_EMPTY_BODY = YES;
				CLANG_WARN_ENUM_CONVERSION = YES;
				CLANG_WARN_INFINITE_RECURSION = YES;
				CLANG_WARN_INT_CONVERSION = YES;
				CLANG_WARN_NON_LITERAL_NULL_CONVERSION = YES;
				CLANG_WARN_OBJC_IMPLICIT_RETAIN_SELF = YES;
				CLANG_WARN_OBJC_LITERAL_CONVERSION = YES;
				CLANG_WARN_OBJC_ROOT_CLASS = YES_ERROR;
				CLANG_WARN_RANGE_LOOP_ANALYSIS = YES;
				CLANG_WARN_STRICT_PROTOTYPES = YES;
				CLANG_WARN_SUSPICIOUS_MOVE = YES;
				CLANG_WARN_UNGUARDED_AVAILABILITY = YES_AGGRESSIVE;
				CLANG_WARN_UNREACHABLE_CODE = YES;
				CLANG_WARN__DUPLICATE_METHOD_MATCH = YES;
				CODE_SIGN_IDENTITY = "iPhone Developer";
				COPY_PHASE_STRIP = NO;
				DEBUG_INFORMATION_FORMAT = dwarf;
				ENABLE_STRICT_OBJC_MSGSEND = YES;
				ENABLE_TESTABILITY = YES;
				GCC_C_LANGUAGE_STANDARD = gnu11;
				GCC_DYNAMIC_NO_PIC = NO;
				GCC_NO_COMMON_BLOCKS = YES;
				GCC_OPTIMIZATION_LEVEL = 0;
				GCC_PREPROCESSOR_DEFINITIONS = (
					"DEBUG=1",
					"$(inherited)",
				);
				GCC_WARN_64_TO_32_BIT_CONVERSION = YES;
				GCC_WARN_ABOUT_RETURN_TYPE = YES_ERROR;
				GCC_WARN_UNDECLARED_SELECTOR = YES;
				GCC_WARN_UNINITIALIZED_AUTOS = YES_AGGRESSIVE;
				GCC_WARN_UNUSED_FUNCTION = YES;
				GCC_WARN_UNUSED_VARIABLE = YES;
				IPHONEOS_DEPLOYMENT_TARGET = 12.1;
				MTL_ENABLE_DEBUG_INFO = INCLUDE_SOURCE;
				MTL_FAST_MATH = YES;
				ONLY_ACTIVE_ARCH = YES;
				SDKROOT = iphoneos;
				SWIFT_ACTIVE_COMPILATION_CONDITIONS = DEBUG;
				SWIFT_OPTIMIZATION_LEVEL = "-Onone";
			};
			name = Debug;
		};
		6797D6C821F1228400C6B9D4 /* Release */ = {
			isa = XCBuildConfiguration;
			buildSettings = {
				ALWAYS_SEARCH_USER_PATHS = NO;
				CLANG_ANALYZER_NONNULL = YES;
				CLANG_ANALYZER_NUMBER_OBJECT_CONVERSION = YES_AGGRESSIVE;
				CLANG_CXX_LANGUAGE_STANDARD = "gnu++14";
				CLANG_CXX_LIBRARY = "libc++";
				CLANG_ENABLE_MODULES = YES;
				CLANG_ENABLE_OBJC_ARC = YES;
				CLANG_ENABLE_OBJC_WEAK = YES;
				CLANG_WARN_BLOCK_CAPTURE_AUTORELEASING = YES;
				CLANG_WARN_BOOL_CONVERSION = YES;
				CLANG_WARN_COMMA = YES;
				CLANG_WARN_CONSTANT_CONVERSION = YES;
				CLANG_WARN_DEPRECATED_OBJC_IMPLEMENTATIONS = YES;
				CLANG_WARN_DIRECT_OBJC_ISA_USAGE = YES_ERROR;
				CLANG_WARN_DOCUMENTATION_COMMENTS = YES;
				CLANG_WARN_EMPTY_BODY = YES;
				CLANG_WARN_ENUM_CONVERSION = YES;
				CLANG_WARN_INFINITE_RECURSION = YES;
				CLANG_WARN_INT_CONVERSION = YES;
				CLANG_WARN_NON_LITERAL_NULL_CONVERSION = YES;
				CLANG_WARN_OBJC_IMPLICIT_RETAIN_SELF = YES;
				CLANG_WARN_OBJC_LITERAL_CONVERSION = YES;
				CLANG_WARN_OBJC_ROOT_CLASS = YES_ERROR;
				CLANG_WARN_RANGE_LOOP_ANALYSIS = YES;
				CLANG_WARN_STRICT_PROTOTYPES = YES;
				CLANG_WARN_SUSPICIOUS_MOVE = YES;
				CLANG_WARN_UNGUARDED_AVAILABILITY = YES_AGGRESSIVE;
				CLANG_WARN_UNREACHABLE_CODE = YES;
				CLANG_WARN__DUPLICATE_METHOD_MATCH = YES;
				CODE_SIGN_IDENTITY = "iPhone Developer";
				COPY_PHASE_STRIP = NO;
				DEBUG_INFORMATION_FORMAT = "dwarf-with-dsym";
				ENABLE_NS_ASSERTIONS = NO;
				ENABLE_STRICT_OBJC_MSGSEND = YES;
				GCC_C_LANGUAGE_STANDARD = gnu11;
				GCC_NO_COMMON_BLOCKS = YES;
				GCC_WARN_64_TO_32_BIT_CONVERSION = YES;
				GCC_WARN_ABOUT_RETURN_TYPE = YES_ERROR;
				GCC_WARN_UNDECLARED_SELECTOR = YES;
				GCC_WARN_UNINITIALIZED_AUTOS = YES_AGGRESSIVE;
				GCC_WARN_UNUSED_FUNCTION = YES;
				GCC_WARN_UNUSED_VARIABLE = YES;
				IPHONEOS_DEPLOYMENT_TARGET = 12.1;
				MTL_ENABLE_DEBUG_INFO = NO;
				MTL_FAST_MATH = YES;
				SDKROOT = iphoneos;
				SWIFT_COMPILATION_MODE = wholemodule;
				SWIFT_OPTIMIZATION_LEVEL = "-O";
				VALIDATE_PRODUCT = YES;
			};
			name = Release;
		};
		6797D6CA21F1228400C6B9D4 /* Debug */ = {
			isa = XCBuildConfiguration;
			buildSettings = {
				ASSETCATALOG_COMPILER_APPICON_NAME = AppIcon;
				CODE_SIGN_IDENTITY = "iPhone Developer";
				CODE_SIGN_STYLE = Automatic;
				DEVELOPMENT_TEAM = D24492FH76;
				INFOPLIST_FILE = "Manager Royale/Info.plist";
				LD_RUNPATH_SEARCH_PATHS = (
					"$(inherited)",
					"@executable_path/Frameworks",
				);
				PRODUCT_BUNDLE_IDENTIFIER = "Rex.Manager-Royale";
				PRODUCT_NAME = "$(TARGET_NAME)";
				PROVISIONING_PROFILE_SPECIFIER = "";
				SWIFT_VERSION = 4.2;
				TARGETED_DEVICE_FAMILY = "1,2";
			};
			name = Debug;
		};
		6797D6CB21F1228400C6B9D4 /* Release */ = {
			isa = XCBuildConfiguration;
			buildSettings = {
				ASSETCATALOG_COMPILER_APPICON_NAME = AppIcon;
				CODE_SIGN_IDENTITY = "iPhone Developer";
				CODE_SIGN_STYLE = Automatic;
				DEVELOPMENT_TEAM = D24492FH76;
				INFOPLIST_FILE = "Manager Royale/Info.plist";
				LD_RUNPATH_SEARCH_PATHS = (
					"$(inherited)",
					"@executable_path/Frameworks",
				);
				PRODUCT_BUNDLE_IDENTIFIER = "Rex.Manager-Royale";
				PRODUCT_NAME = "$(TARGET_NAME)";
				PROVISIONING_PROFILE_SPECIFIER = "";
				SWIFT_VERSION = 4.2;
				TARGETED_DEVICE_FAMILY = "1,2";
			};
			name = Release;
		};
		6797D6CD21F1228400C6B9D4 /* Debug */ = {
			isa = XCBuildConfiguration;
			buildSettings = {
				ALWAYS_EMBED_SWIFT_STANDARD_LIBRARIES = YES;
				BUNDLE_LOADER = "$(TEST_HOST)";
				CODE_SIGN_STYLE = Automatic;
				INFOPLIST_FILE = "Manager RoyaleTests/Info.plist";
				LD_RUNPATH_SEARCH_PATHS = (
					"$(inherited)",
					"@executable_path/Frameworks",
					"@loader_path/Frameworks",
				);
				PRODUCT_BUNDLE_IDENTIFIER = "Rex.Manager-RoyaleTests";
				PRODUCT_NAME = "$(TARGET_NAME)";
				SWIFT_VERSION = 4.2;
				TARGETED_DEVICE_FAMILY = "1,2";
				TEST_HOST = "$(BUILT_PRODUCTS_DIR)/Manager Royale.app/Manager Royale";
			};
			name = Debug;
		};
		6797D6CE21F1228400C6B9D4 /* Release */ = {
			isa = XCBuildConfiguration;
			buildSettings = {
				ALWAYS_EMBED_SWIFT_STANDARD_LIBRARIES = YES;
				BUNDLE_LOADER = "$(TEST_HOST)";
				CODE_SIGN_STYLE = Automatic;
				INFOPLIST_FILE = "Manager RoyaleTests/Info.plist";
				LD_RUNPATH_SEARCH_PATHS = (
					"$(inherited)",
					"@executable_path/Frameworks",
					"@loader_path/Frameworks",
				);
				PRODUCT_BUNDLE_IDENTIFIER = "Rex.Manager-RoyaleTests";
				PRODUCT_NAME = "$(TARGET_NAME)";
				SWIFT_VERSION = 4.2;
				TARGETED_DEVICE_FAMILY = "1,2";
				TEST_HOST = "$(BUILT_PRODUCTS_DIR)/Manager Royale.app/Manager Royale";
			};
			name = Release;
		};
		6797D6D021F1228400C6B9D4 /* Debug */ = {
			isa = XCBuildConfiguration;
			buildSettings = {
				ALWAYS_EMBED_SWIFT_STANDARD_LIBRARIES = YES;
				CODE_SIGN_STYLE = Automatic;
				INFOPLIST_FILE = "Manager RoyaleUITests/Info.plist";
				LD_RUNPATH_SEARCH_PATHS = (
					"$(inherited)",
					"@executable_path/Frameworks",
					"@loader_path/Frameworks",
				);
				PRODUCT_BUNDLE_IDENTIFIER = "Rex.Manager-RoyaleUITests";
				PRODUCT_NAME = "$(TARGET_NAME)";
				SWIFT_VERSION = 4.2;
				TARGETED_DEVICE_FAMILY = "1,2";
				TEST_TARGET_NAME = "Manager Royale";
			};
			name = Debug;
		};
		6797D6D121F1228400C6B9D4 /* Release */ = {
			isa = XCBuildConfiguration;
			buildSettings = {
				ALWAYS_EMBED_SWIFT_STANDARD_LIBRARIES = YES;
				CODE_SIGN_STYLE = Automatic;
				INFOPLIST_FILE = "Manager RoyaleUITests/Info.plist";
				LD_RUNPATH_SEARCH_PATHS = (
					"$(inherited)",
					"@executable_path/Frameworks",
					"@loader_path/Frameworks",
				);
				PRODUCT_BUNDLE_IDENTIFIER = "Rex.Manager-RoyaleUITests";
				PRODUCT_NAME = "$(TARGET_NAME)";
				SWIFT_VERSION = 4.2;
				TARGETED_DEVICE_FAMILY = "1,2";
				TEST_TARGET_NAME = "Manager Royale";
			};
			name = Release;
		};
/* End XCBuildConfiguration section */

/* Begin XCConfigurationList section */
		6797D69921F1228300C6B9D4 /* Build configuration list for PBXProject "Manager Royale" */ = {
			isa = XCConfigurationList;
			buildConfigurations = (
				6797D6C721F1228400C6B9D4 /* Debug */,
				6797D6C821F1228400C6B9D4 /* Release */,
			);
			defaultConfigurationIsVisible = 0;
			defaultConfigurationName = Release;
		};
		6797D6C921F1228400C6B9D4 /* Build configuration list for PBXNativeTarget "Manager Royale" */ = {
			isa = XCConfigurationList;
			buildConfigurations = (
				6797D6CA21F1228400C6B9D4 /* Debug */,
				6797D6CB21F1228400C6B9D4 /* Release */,
			);
			defaultConfigurationIsVisible = 0;
			defaultConfigurationName = Release;
		};
		6797D6CC21F1228400C6B9D4 /* Build configuration list for PBXNativeTarget "Manager RoyaleTests" */ = {
			isa = XCConfigurationList;
			buildConfigurations = (
				6797D6CD21F1228400C6B9D4 /* Debug */,
				6797D6CE21F1228400C6B9D4 /* Release */,
			);
			defaultConfigurationIsVisible = 0;
			defaultConfigurationName = Release;
		};
		6797D6CF21F1228400C6B9D4 /* Build configuration list for PBXNativeTarget "Manager RoyaleUITests" */ = {
			isa = XCConfigurationList;
			buildConfigurations = (
				6797D6D021F1228400C6B9D4 /* Debug */,
				6797D6D121F1228400C6B9D4 /* Release */,
			);
			defaultConfigurationIsVisible = 0;
			defaultConfigurationName = Release;
		};
/* End XCConfigurationList section */

/* Begin XCVersionGroup section */
		6797D6A821F1228300C6B9D4 /* Manager_Royale.xcdatamodeld */ = {
			isa = XCVersionGroup;
			children = (
				6797D6A921F1228300C6B9D4 /* Manager_Royale.xcdatamodel */,
			);
			currentVersion = 6797D6A921F1228300C6B9D4 /* Manager_Royale.xcdatamodel */;
			path = Manager_Royale.xcdatamodeld;
			sourceTree = "<group>";
			versionGroupType = wrapper.xcdatamodel;
		};
/* End XCVersionGroup section */
	};
	rootObject = 6797D69621F1228300C6B9D4 /* Project object */;
}
